
Microsoft Visual Studio Solution File, Format Version 12.00
# Visual Studio 15
VisualStudioVersion = 15.0.28307.539
MinimumVisualStudioVersion = 10.0.40219.1
Project("{FAE04EC0-301F-11D3-BF4B-00C04F79EFBC}") = "SelectionSort", "src\SelectionSort\SelectionSort.csproj", "{8FE26DF1-2E83-4FBB-BF27-6854823C5184}"
EndProject
Project("{FAE04EC0-301F-11D3-BF4B-00C04F79EFBC}") = "InsertionSort", "src\InsertionSort\InsertionSort.csproj", "{E0039F6E-B9E5-402E-A8E0-89EBAA73B88E}"
EndProject
Project("{2150E333-8FDC-42A3-9474-1A3956D46DE8}") = "Sorting", "Sorting", "{5D03F955-A11C-4EA5-A559-E2A2EEA5B216}"
EndProject
Project("{2150E333-8FDC-42A3-9474-1A3956D46DE8}") = "Searching", "Searching", "{FA4C7A1D-F854-4F7A-9D61-7792F40A3ACB}"
EndProject
Project("{2150E333-8FDC-42A3-9474-1A3956D46DE8}") = "Tree", "Tree", "{691C509F-BF73-42B0-9A22-B5E8A7796CC9}"
EndProject
Project("{2150E333-8FDC-42A3-9474-1A3956D46DE8}") = "Collection", "Collection", "{48996631-9993-481C-BC27-E4506DAD76F2}"
EndProject
Project("{FAE04EC0-301F-11D3-BF4B-00C04F79EFBC}") = "InsertElements", "src\InsertElements\InsertElements.csproj", "{E0A79D12-FCBA-451B-86AE-FF60CA8C0173}"
EndProject
Project("{FAE04EC0-301F-11D3-BF4B-00C04F79EFBC}") = "bubbleSortProgram", "src\bubbleSortProgram\bubbleSortProgram.csproj", "{993E2D3D-E070-49CD-B4C8-079E1254366D}"
EndProject
Project("{FAE04EC0-301F-11D3-BF4B-00C04F79EFBC}") = "FindCommonElement", "src\FindCommonElement\FindCommonElement.csproj", "{653E6549-4253-49D7-8FE7-A73927252C48}"
EndProject
Project("{FAE04EC0-301F-11D3-BF4B-00C04F79EFBC}") = "AlternativeSorting", "src\AlternativeSorting\AlternativeSorting.csproj", "{CE6E2CED-F95F-4BC9-95AA-9BD9615F261B}"
EndProject
Project("{FAE04EC0-301F-11D3-BF4B-00C04F79EFBC}") = "MaxElementFindInArray", "src\MaxElementFindInArray\MaxElementFindInArray.csproj", "{22FE5AF4-7F84-4588-BFC9-FB0DDE79093D}"
EndProject
Project("{FAE04EC0-301F-11D3-BF4B-00C04F79EFBC}") = "BinaryTreePerfectorNot", "src\BinaryTreePerfectorNot\BinaryTreePerfectorNot.csproj", "{14C2A7BF-5426-40A3-BEF1-09BB5EE28E98}"
EndProject
Project("{FAE04EC0-301F-11D3-BF4B-00C04F79EFBC}") = "SortAnWaveForm", "src\SortAnWaveForm\SortAnWaveForm.csproj", "{D7CAECF2-CA5F-4275-A76B-894D809401F9}"
EndProject
Project("{FAE04EC0-301F-11D3-BF4B-00C04F79EFBC}") = "SearchInSortedArray", "src\SearchInSortedArray\SearchInSortedArray.csproj", "{A8CDBAF5-184A-4A35-B54A-C6A75DBC14E7}"
EndProject
Project("{FAE04EC0-301F-11D3-BF4B-00C04F79EFBC}") = "ReversingAQueue", "src\ReversingAQueue\ReversingAQueue.csproj", "{766E61F8-1AF8-48CB-B25E-D453B2392019}"
EndProject
Project("{FAE04EC0-301F-11D3-BF4B-00C04F79EFBC}") = "ReverseAStackusingRecursion", "src\ReverseAStackusingRecursion\ReverseAStackusingRecursion.csproj", "{0F267A3C-E43F-4856-89DD-44649391EF49}"
EndProject
Project("{FAE04EC0-301F-11D3-BF4B-00C04F79EFBC}") = "MinimumElementinArray", "src\MinimumElementinArray\MinimumElementinArray.csproj", "{43432FD5-7B40-4615-8D53-8ED61929B510}"
EndProject
Project("{FAE04EC0-301F-11D3-BF4B-00C04F79EFBC}") = "DeleteATree", "src\DeleteATree\DeleteATree.csproj", "{E9E40CF8-277C-48F4-AAA1-0F92A4D1A1C2}"
EndProject
Global
	GlobalSection(SolutionConfigurationPlatforms) = preSolution
		Debug|Any CPU = Debug|Any CPU
		Release|Any CPU = Release|Any CPU
	EndGlobalSection
	GlobalSection(ProjectConfigurationPlatforms) = postSolution
		{8FE26DF1-2E83-4FBB-BF27-6854823C5184}.Debug|Any CPU.ActiveCfg = Debug|Any CPU
		{8FE26DF1-2E83-4FBB-BF27-6854823C5184}.Debug|Any CPU.Build.0 = Debug|Any CPU
		{8FE26DF1-2E83-4FBB-BF27-6854823C5184}.Release|Any CPU.ActiveCfg = Release|Any CPU
		{8FE26DF1-2E83-4FBB-BF27-6854823C5184}.Release|Any CPU.Build.0 = Release|Any CPU
		{E0039F6E-B9E5-402E-A8E0-89EBAA73B88E}.Debug|Any CPU.ActiveCfg = Debug|Any CPU
		{E0039F6E-B9E5-402E-A8E0-89EBAA73B88E}.Debug|Any CPU.Build.0 = Debug|Any CPU
		{E0039F6E-B9E5-402E-A8E0-89EBAA73B88E}.Release|Any CPU.ActiveCfg = Release|Any CPU
		{E0039F6E-B9E5-402E-A8E0-89EBAA73B88E}.Release|Any CPU.Build.0 = Release|Any CPU
		{E0A79D12-FCBA-451B-86AE-FF60CA8C0173}.Debug|Any CPU.ActiveCfg = Debug|Any CPU
		{E0A79D12-FCBA-451B-86AE-FF60CA8C0173}.Debug|Any CPU.Build.0 = Debug|Any CPU
		{E0A79D12-FCBA-451B-86AE-FF60CA8C0173}.Release|Any CPU.ActiveCfg = Release|Any CPU
		{E0A79D12-FCBA-451B-86AE-FF60CA8C0173}.Release|Any CPU.Build.0 = Release|Any CPU
		{993E2D3D-E070-49CD-B4C8-079E1254366D}.Debug|Any CPU.ActiveCfg = Debug|Any CPU
		{993E2D3D-E070-49CD-B4C8-079E1254366D}.Debug|Any CPU.Build.0 = Debug|Any CPU
		{993E2D3D-E070-49CD-B4C8-079E1254366D}.Release|Any CPU.ActiveCfg = Release|Any CPU
		{993E2D3D-E070-49CD-B4C8-079E1254366D}.Release|Any CPU.Build.0 = Release|Any CPU
		{653E6549-4253-49D7-8FE7-A73927252C48}.Debug|Any CPU.ActiveCfg = Debug|Any CPU
		{653E6549-4253-49D7-8FE7-A73927252C48}.Debug|Any CPU.Build.0 = Debug|Any CPU
		{653E6549-4253-49D7-8FE7-A73927252C48}.Release|Any CPU.ActiveCfg = Release|Any CPU
		{653E6549-4253-49D7-8FE7-A73927252C48}.Release|Any CPU.Build.0 = Release|Any CPU
		{CE6E2CED-F95F-4BC9-95AA-9BD9615F261B}.Debug|Any CPU.ActiveCfg = Debug|Any CPU
		{CE6E2CED-F95F-4BC9-95AA-9BD9615F261B}.Debug|Any CPU.Build.0 = Debug|Any CPU
		{CE6E2CED-F95F-4BC9-95AA-9BD9615F261B}.Release|Any CPU.ActiveCfg = Release|Any CPU
		{CE6E2CED-F95F-4BC9-95AA-9BD9615F261B}.Release|Any CPU.Build.0 = Release|Any CPU
		{22FE5AF4-7F84-4588-BFC9-FB0DDE79093D}.Debug|Any CPU.ActiveCfg = Debug|Any CPU
		{22FE5AF4-7F84-4588-BFC9-FB0DDE79093D}.Debug|Any CPU.Build.0 = Debug|Any CPU
		{22FE5AF4-7F84-4588-BFC9-FB0DDE79093D}.Release|Any CPU.ActiveCfg = Release|Any CPU
		{22FE5AF4-7F84-4588-BFC9-FB0DDE79093D}.Release|Any CPU.Build.0 = Release|Any CPU
		{14C2A7BF-5426-40A3-BEF1-09BB5EE28E98}.Debug|Any CPU.ActiveCfg = Debug|Any CPU
		{14C2A7BF-5426-40A3-BEF1-09BB5EE28E98}.Debug|Any CPU.Build.0 = Debug|Any CPU
		{14C2A7BF-5426-40A3-BEF1-09BB5EE28E98}.Release|Any CPU.ActiveCfg = Release|Any CPU
		{14C2A7BF-5426-40A3-BEF1-09BB5EE28E98}.Release|Any CPU.Build.0 = Release|Any CPU
		{D7CAECF2-CA5F-4275-A76B-894D809401F9}.Debug|Any CPU.ActiveCfg = Debug|Any CPU
		{D7CAECF2-CA5F-4275-A76B-894D809401F9}.Debug|Any CPU.Build.0 = Debug|Any CPU
		{D7CAECF2-CA5F-4275-A76B-894D809401F9}.Release|Any CPU.ActiveCfg = Release|Any CPU
		{D7CAECF2-CA5F-4275-A76B-894D809401F9}.Release|Any CPU.Build.0 = Release|Any CPU
		{A8CDBAF5-184A-4A35-B54A-C6A75DBC14E7}.Debug|Any CPU.ActiveCfg = Debug|Any CPU
		{A8CDBAF5-184A-4A35-B54A-C6A75DBC14E7}.Debug|Any CPU.Build.0 = Debug|Any CPU
		{A8CDBAF5-184A-4A35-B54A-C6A75DBC14E7}.Release|Any CPU.ActiveCfg = Release|Any CPU
		{A8CDBAF5-184A-4A35-B54A-C6A75DBC14E7}.Release|Any CPU.Build.0 = Release|Any CPU
		{766E61F8-1AF8-48CB-B25E-D453B2392019}.Debug|Any CPU.ActiveCfg = Debug|Any CPU
		{766E61F8-1AF8-48CB-B25E-D453B2392019}.Debug|Any CPU.Build.0 = Debug|Any CPU
		{766E61F8-1AF8-48CB-B25E-D453B2392019}.Release|Any CPU.ActiveCfg = Release|Any CPU
		{766E61F8-1AF8-48CB-B25E-D453B2392019}.Release|Any CPU.Build.0 = Release|Any CPU
		{0F267A3C-E43F-4856-89DD-44649391EF49}.Debug|Any CPU.ActiveCfg = Debug|Any CPU
		{0F267A3C-E43F-4856-89DD-44649391EF49}.Debug|Any CPU.Build.0 = Debug|Any CPU
		{0F267A3C-E43F-4856-89DD-44649391EF49}.Release|Any CPU.ActiveCfg = Release|Any CPU
		{0F267A3C-E43F-4856-89DD-44649391EF49}.Release|Any CPU.Build.0 = Release|Any CPU
		{43432FD5-7B40-4615-8D53-8ED61929B510}.Debug|Any CPU.ActiveCfg = Debug|Any CPU
		{43432FD5-7B40-4615-8D53-8ED61929B510}.Debug|Any CPU.Build.0 = Debug|Any CPU
		{43432FD5-7B40-4615-8D53-8ED61929B510}.Release|Any CPU.ActiveCfg = Release|Any CPU
		{43432FD5-7B40-4615-8D53-8ED61929B510}.Release|Any CPU.Build.0 = Release|Any CPU
		{E9E40CF8-277C-48F4-AAA1-0F92A4D1A1C2}.Debug|Any CPU.ActiveCfg = Debug|Any CPU
		{E9E40CF8-277C-48F4-AAA1-0F92A4D1A1C2}.Debug|Any CPU.Build.0 = Debug|Any CPU
		{E9E40CF8-277C-48F4-AAA1-0F92A4D1A1C2}.Release|Any CPU.ActiveCfg = Release|Any CPU
		{E9E40CF8-277C-48F4-AAA1-0F92A4D1A1C2}.Release|Any CPU.Build.0 = Release|Any CPU
	EndGlobalSection
	GlobalSection(SolutionProperties) = preSolution
		HideSolutionNode = FALSE
	EndGlobalSection
	GlobalSection(NestedProjects) = preSolution
		{8FE26DF1-2E83-4FBB-BF27-6854823C5184} = {5D03F955-A11C-4EA5-A559-E2A2EEA5B216}
		{E0039F6E-B9E5-402E-A8E0-89EBAA73B88E} = {5D03F955-A11C-4EA5-A559-E2A2EEA5B216}
		{993E2D3D-E070-49CD-B4C8-079E1254366D} = {5D03F955-A11C-4EA5-A559-E2A2EEA5B216}
		{CE6E2CED-F95F-4BC9-95AA-9BD9615F261B} = {5D03F955-A11C-4EA5-A559-E2A2EEA5B216}
	EndGlobalSection
	GlobalSection(ExtensibilityGlobals) = postSolution
		SolutionGuid = {BCBB3212-6130-42C7-BC09-5F2A144809A4}
	EndGlobalSection
EndGlobal
